
Microsoft Visual Studio Solution File, Format Version 12.00
# Visual Studio Version 17
VisualStudioVersion = 17.11.35312.102
MinimumVisualStudioVersion = 10.0.40219.1
Project("{00D1A9C2-B5F0-4AF3-8072-F6C62B433612}") = "SampleDatabase", "SampleDatabase\SampleDatabase.sqlproj", "{CD5CAE34-6AB8-4855-91D6-7256B43C3548}"
EndProject
Global
	GlobalSection(SolutionConfigurationPlatforms) = preSolution
		Debug|Any CPU = Debug|Any CPU
		Release|Any CPU = Release|Any CPU
	EndGlobalSection
	GlobalSection(ProjectConfigurationPlatforms) = postSolution
		{CD5CAE34-6AB8-4855-91D6-7256B43C3548}.Debug|Any CPU.ActiveCfg = Debug|Any CPU
		{CD5CAE34-6AB8-4855-91D6-7256B43C3548}.Debug|Any CPU.Build.0 = Debug|Any CPU
		{CD5CAE34-6AB8-4855-91D6-7256B43C3548}.Debug|Any CPU.Deploy.0 = Debug|Any CPU
		{CD5CAE34-6AB8-4855-91D6-7256B43C3548}.Release|Any CPU.ActiveCfg = Release|Any CPU
		{CD5CAE34-6AB8-4855-91D6-7256B43C3548}.Release|Any CPU.Build.0 = Release|Any CPU
		{CD5CAE34-6AB8-4855-91D6-7256B43C3548}.Release|Any CPU.Deploy.0 = Release|Any CPU
	EndGlobalSection
	GlobalSection(SolutionProperties) = preSolution
		HideSolutionNode = FALSE
	EndGlobalSection
	GlobalSection(ExtensibilityGlobals) = postSolution
		SolutionGuid = {24F059E3-CBF4-4C7F-B4DB-AE9A390743F4}
	EndGlobalSection
EndGlobal
